
Microsoft Visual Studio Solution File, Format Version 12.00
# Visual Studio Version 17
VisualStudioVersion = 17.10.35027.167
MinimumVisualStudioVersion = 10.0.40219.1
Project("{9A19103F-16F7-4668-BE54-9A1E7A4F7556}") = "A3_G4", "A3_G4\A3_G4.csproj", "{6DF227AD-F801-451D-817C-66A96B3C783D}"
EndProject
Global
	GlobalSection(SolutionConfigurationPlatforms) = preSolution
		Debug|Any CPU = Debug|Any CPU
		Release|Any CPU = Release|Any CPU
	EndGlobalSection
	GlobalSection(ProjectConfigurationPlatforms) = postSolution
		{6DF227AD-F801-451D-817C-66A96B3C783D}.Debug|Any CPU.ActiveCfg = Debug|Any CPU
		{6DF227AD-F801-451D-817C-66A96B3C783D}.Debug|Any CPU.Build.0 = Debug|Any CPU
		{6DF227AD-F801-451D-817C-66A96B3C783D}.Release|Any CPU.ActiveCfg = Release|Any CPU
		{6DF227AD-F801-451D-817C-66A96B3C783D}.Release|Any CPU.Build.0 = Release|Any CPU
	EndGlobalSection
	GlobalSection(SolutionProperties) = preSolution
		HideSolutionNode = FALSE
	EndGlobalSection
	GlobalSection(ExtensibilityGlobals) = postSolution
		SolutionGuid = {3D709D23-4DCB-481F-B701-D87CD5198BC6}
	EndGlobalSection
EndGlobal
